
Microsoft Visual Studio Solution File, Format Version 12.00
# Visual Studio 14
VisualStudioVersion = 14.0.25420.1
MinimumVisualStudioVersion = 10.0.40219.1
Project("{2150E333-8FDC-42A3-9474-1A3956D46DE8}") = "src", "src", "{5690CA52-0CA5-4AD7-9E82-B13D51F5DA21}"
EndProject
Project("{2150E333-8FDC-42A3-9474-1A3956D46DE8}") = "Solution Items", "Solution Items", "{7133C5B4-AD4A-4F91-A1EE-2D04494DC602}"
	ProjectSection(SolutionItems) = preProject
		global.json = global.json
	EndProjectSection
EndProject
Project("{8BB2217D-0F2D-49D1-97BC-3654ED321F3B}") = "LinqToAql", "src\LinqToAql\LinqToAql.xproj", "{9D45BA15-3A5C-4CE0-9337-8A292D430FC8}"
EndProject
Project("{8BB2217D-0F2D-49D1-97BC-3654ED321F3B}") = "LinqToAql.Tests.Common", "test\LinqToAql.Tests.Common\LinqToAql.Tests.Common.xproj", "{42282680-F805-41B6-8C15-A0E217DE030F}"
EndProject
Project("{2150E333-8FDC-42A3-9474-1A3956D46DE8}") = "test", "test", "{9978AA31-0A12-4B76-B174-92F509B4EC45}"
EndProject
Project("{8BB2217D-0F2D-49D1-97BC-3654ED321F3B}") = "LinqToAql.Tests.Unit", "test\LinqToAql.Tests.Unit\LinqToAql.Tests.Unit.xproj", "{A44FA73F-57E9-4737-9166-D5E10726EDD7}"
EndProject
Project("{8BB2217D-0F2D-49D1-97BC-3654ED321F3B}") = "LinqToAql.Tests.Integration", "test\LinqToAql.Tests.Integration\LinqToAql.Tests.Integration.xproj", "{C72D29E9-E600-4A34-BB42-8DE318C1221F}"
EndProject
Global
	GlobalSection(SolutionConfigurationPlatforms) = preSolution
		Debug|Any CPU = Debug|Any CPU
		Release|Any CPU = Release|Any CPU
	EndGlobalSection
	GlobalSection(ProjectConfigurationPlatforms) = postSolution
		{9D45BA15-3A5C-4CE0-9337-8A292D430FC8}.Debug|Any CPU.ActiveCfg = Debug|Any CPU
		{9D45BA15-3A5C-4CE0-9337-8A292D430FC8}.Debug|Any CPU.Build.0 = Debug|Any CPU
		{9D45BA15-3A5C-4CE0-9337-8A292D430FC8}.Release|Any CPU.ActiveCfg = Release|Any CPU
		{9D45BA15-3A5C-4CE0-9337-8A292D430FC8}.Release|Any CPU.Build.0 = Release|Any CPU
		{42282680-F805-41B6-8C15-A0E217DE030F}.Debug|Any CPU.ActiveCfg = Debug|Any CPU
		{42282680-F805-41B6-8C15-A0E217DE030F}.Debug|Any CPU.Build.0 = Debug|Any CPU
		{42282680-F805-41B6-8C15-A0E217DE030F}.Release|Any CPU.ActiveCfg = Release|Any CPU
		{42282680-F805-41B6-8C15-A0E217DE030F}.Release|Any CPU.Build.0 = Release|Any CPU
		{A44FA73F-57E9-4737-9166-D5E10726EDD7}.Debug|Any CPU.ActiveCfg = Debug|Any CPU
		{A44FA73F-57E9-4737-9166-D5E10726EDD7}.Debug|Any CPU.Build.0 = Debug|Any CPU
		{A44FA73F-57E9-4737-9166-D5E10726EDD7}.Release|Any CPU.ActiveCfg = Release|Any CPU
		{A44FA73F-57E9-4737-9166-D5E10726EDD7}.Release|Any CPU.Build.0 = Release|Any CPU
		{C72D29E9-E600-4A34-BB42-8DE318C1221F}.Debug|Any CPU.ActiveCfg = Debug|Any CPU
		{C72D29E9-E600-4A34-BB42-8DE318C1221F}.Debug|Any CPU.Build.0 = Debug|Any CPU
		{C72D29E9-E600-4A34-BB42-8DE318C1221F}.Release|Any CPU.ActiveCfg = Release|Any CPU
		{C72D29E9-E600-4A34-BB42-8DE318C1221F}.Release|Any CPU.Build.0 = Release|Any CPU
	EndGlobalSection
	GlobalSection(SolutionProperties) = preSolution
		HideSolutionNode = FALSE
	EndGlobalSection
	GlobalSection(NestedProjects) = preSolution
		{9D45BA15-3A5C-4CE0-9337-8A292D430FC8} = {5690CA52-0CA5-4AD7-9E82-B13D51F5DA21}
		{42282680-F805-41B6-8C15-A0E217DE030F} = {9978AA31-0A12-4B76-B174-92F509B4EC45}
		{A44FA73F-57E9-4737-9166-D5E10726EDD7} = {9978AA31-0A12-4B76-B174-92F509B4EC45}
		{C72D29E9-E600-4A34-BB42-8DE318C1221F} = {9978AA31-0A12-4B76-B174-92F509B4EC45}
	EndGlobalSection
EndGlobal
